{
  "name": "swagger-ui-server-assets",
  "version": "0.1.0",
  "lockfileVersion": 3,
  "requires": true,
  "packages": {
    "": {
      "name": "swagger-ui-server-assets",
      "version": "0.1.0",
      "dependencies": {
        "swagger-ui-dist": "4.19.1"
      }
    },
    "node_modules/swagger-ui-dist": {
      "version": "4.19.1",
      "resolved": "https://registry.npmjs.org/swagger-ui-dist/-/swagger-ui-dist-4.19.1.tgz",
      "integrity": "sha512-n/gFn+R7G/BXWwl5UZLw6F1YgWOlf3zkwGlsPhTMhNtAAolBGKg0JS5b2RKt5NI6/hSopVaSrki2wTIMUDDy2w=="
    }
  }
}
