{
  "name": "swagger-ui-server-assets",
  "version": "0.1.0",
  "lockfileVersion": 3,
  "requires": true,
  "packages": {
    "": {
      "name": "swagger-ui-server-assets",
      "version": "0.1.0",
      "dependencies": {
        "swagger-ui-dist": "5.10.3"
      }
    },
    "node_modules/swagger-ui-dist": {
      "version": "5.10.3",
      "resolved": "https://registry.npmjs.org/swagger-ui-dist/-/swagger-ui-dist-5.10.3.tgz",
      "integrity": "sha512-fu3aozjxFWsmcO1vyt1q1Ji2kN7KlTd1vHy27E9WgPyXo9nrEzhQPqgxaAjbMsOmb8XFKNGo4Sa3Q+84Fh+pFw=="
    }
  }
}
