{
  "name": "swagger-ui-server-assets",
  "version": "0.1.0",
  "lockfileVersion": 1,
  "requires": true,
  "dependencies": {
    "swagger-ui-dist": {
      "version": "4.18.1",
      "resolved": "https://registry.npmjs.org/swagger-ui-dist/-/swagger-ui-dist-4.18.1.tgz",
      "integrity": "sha512-n7AT4wzKIPpHy/BGflJOepGMrbY/7Cd5yVd9ptVczaJGAKScbVJrZxFbAE2ZSZa8KmqdQ0+pOs3/5mWY5tSMZQ=="
    }
  }
}
